NUGET
  remote: https://www.nuget.org/api/v2
    Expecto (10.2.3)
      FSharp.Core (>= 7.0.200) - restriction: >= net6.0
      Mono.Cecil (>= 0.11.4 < 1.0) - restriction: >= net6.0
    FSharp.Core (10.0.103)
    Mono.Cecil (0.11.6) - restriction: >= net6.0
GITHUB
  remote: rate-it/SentimentFS.TextUtilities
    src/SentimentFS.TextUtilities/Text.fs (ff26030dedcf98c55cdec6b158ac9be595299d1e)
    src/SentimentFS.TextUtilities/Tokenization.fs (ff26030dedcf98c55cdec6b158ac9be595299d1e)
GROUP Build
NUGET
  remote: https://www.nuget.org/api/v2
    FAKE (5.16)
